
Microsoft Visual Studio Solution File, Format Version 12.00
# Visual Studio Version 17
VisualStudioVersion = 17.0.31903.59
MinimumVisualStudioVersion = 10.0.40219.1
Project("{2150E333-8FDC-42A3-9474-1A3956D46DE8}") = "Adapters", "Adapters", "{3582F79E-2187-4CCD-836D-48EE30BC64A8}"
EndProject
Project("{2150E333-8FDC-42A3-9474-1A3956D46DE8}") = "tests", "tests", "{FE220876-2B87-4095-8BD2-039049503C72}"
EndProject
Project("{FAE04EC0-301F-11D3-BF4B-00C04F79EFBC}") = "Stickerlandia.PrintService.IntegrationTest", "tests\Stickerlandia.PrintService.IntegrationTest\Stickerlandia.PrintService.IntegrationTest.csproj", "{4DDC795B-2EA4-4123-B631-F0D8CAA99BA6}"
EndProject
Project("{FAE04EC0-301F-11D3-BF4B-00C04F79EFBC}") = "Stickerlandia.PrintService.UnitTest", "tests\Stickerlandia.PrintService.UnitTest\Stickerlandia.PrintService.UnitTest.csproj", "{7BD95F13-FE66-43A0-A48A-8D5903E37F7D}"
EndProject
Project("{FAE04EC0-301F-11D3-BF4B-00C04F79EFBC}") = "Stickerlandia.PrintService.Api", "src\Stickerlandia.PrintService.Api\Stickerlandia.PrintService.Api.csproj", "{488873C6-4BFA-4D6E-9364-D672C15EA2D9}"
EndProject
Project("{FAE04EC0-301F-11D3-BF4B-00C04F79EFBC}") = "Stickerlandia.PrintService.Core", "src\Stickerlandia.PrintService.Core\Stickerlandia.PrintService.Core.csproj", "{A93481EC-FDED-4740-902D-B5D911402CBA}"
EndProject
Project("{FAE04EC0-301F-11D3-BF4B-00C04F79EFBC}") = "Stickerlandia.PrintService.Aspire", "src\Stickerlandia.PrintService.Aspire\Stickerlandia.PrintService.Aspire.csproj", "{E481765C-9B3F-4F5E-B351-076415595A8B}"
EndProject
Project("{FAE04EC0-301F-11D3-BF4B-00C04F79EFBC}") = "Stickerlandia.PrintService.AWS", "src\Stickerlandia.PrintService.AWS\Stickerlandia.PrintService.AWS.csproj", "{9A175F6D-120D-4AF2-B407-B1499B70BE9E}"
EndProject
Project("{2150E333-8FDC-42A3-9474-1A3956D46DE8}") = "Core", "Core", "{FC9DDF76-8DAC-4498-8926-8883F984709C}"
EndProject
Project("{FAE04EC0-301F-11D3-BF4B-00C04F79EFBC}") = "Stickerlandia.PrintService.Lambda", "src\Stickerlandia.PrintService.Lambda\Stickerlandia.PrintService.Lambda.csproj", "{5C770F92-B6E7-4270-A041-A32F385DA6C4}"
EndProject
Project("{2150E333-8FDC-42A3-9474-1A3956D46DE8}") = "Driving", "Driving", "{924749FC-98D5-40A6-8F4B-BA9BFDEDDEC3}"
EndProject
Project("{2150E333-8FDC-42A3-9474-1A3956D46DE8}") = "Driven", "Driven", "{86CA6782-DAF7-4130-9B10-02DE0680DF78}"
EndProject
Project("{FAE04EC0-301F-11D3-BF4B-00C04F79EFBC}") = "Stickerlandia.PrintService.Worker", "src\Stickerlandia.PrintService.Worker\Stickerlandia.PrintService.Worker.csproj", "{ED36763B-8971-4CC9-A4FE-16924F1961C0}"
EndProject
Project("{FAE04EC0-301F-11D3-BF4B-00C04F79EFBC}") = "Stickerlandia.PrintService.ServiceDefaults", "src\Stickerlandia.PrintService.ServiceDefaults\Stickerlandia.PrintService.ServiceDefaults.csproj", "{7C28228C-4B3D-4AAE-95E6-4669413BD06C}"
EndProject
Project("{2150E333-8FDC-42A3-9474-1A3956D46DE8}") = "docker", "docker", "{26C19EDB-572E-4FDD-98C7-D1A5FCF92DA7}"
	ProjectSection(SolutionItems) = preProject
		..\docker-compose.yml = ..\docker-compose.yml
	EndProjectSection
EndProject
Project("{FAE04EC0-301F-11D3-BF4B-00C04F79EFBC}") = "Stickerlandia.PrintService.Client", "src\Stickerlandia.PrintService.Client\Stickerlandia.PrintService.Client.csproj", "{C22A3095-5EEF-4116-9130-E86125C8467B}"
EndProject
Project("{2150E333-8FDC-42A3-9474-1A3956D46DE8}") = "Utils", "Utils", "{C67CC25F-72E9-492D-9E1E-C73DB2C5A5F3}"
EndProject
Project("{FAE04EC0-301F-11D3-BF4B-00C04F79EFBC}") = "Stickerlandia.PrintService.JwtGenerator", "src\utils\Stickerlandia.PrintService.JwtGenerator\Stickerlandia.PrintService.JwtGenerator.csproj", "{EAC9011A-353C-4B67-913F-14A295F09EA2}"
EndProject
Project("{2150E333-8FDC-42A3-9474-1A3956D46DE8}") = "build", "build", "{444DD46E-90AC-4978-90B4-049886EFC0A8}"
	ProjectSection(SolutionItems) = preProject
		mise.toml = mise.toml
	EndProjectSection
EndProject
Project("{2150E333-8FDC-42A3-9474-1A3956D46DE8}") = "infra", "infra", "{A32AEBFB-FAFF-40AE-B1AD-254303E0A9DE}"
EndProject
Project("{FAE04EC0-301F-11D3-BF4B-00C04F79EFBC}") = "Stickerlandia.PrintService.Agnostic", "src\Stickerlandia.PrintService.Agnostic\Stickerlandia.PrintService.Agnostic.csproj", "{CC673F15-2AAE-4E70-BFCF-05ECA804268E}"
EndProject
Project("{FAE04EC0-301F-11D3-BF4B-00C04F79EFBC}") = "Stickerlandia.PrintService.MigrationService", "src\Stickerlandia.PrintService.MigrationService\Stickerlandia.PrintService.MigrationService.csproj", "{575D24C1-27DC-4122-AE8F-7A8DD21BAE7E}"
EndProject
Global
	GlobalSection(SolutionConfigurationPlatforms) = preSolution
		Debug|Any CPU = Debug|Any CPU
		Debug|x64 = Debug|x64
		Debug|x86 = Debug|x86
		Release|Any CPU = Release|Any CPU
		Release|x64 = Release|x64
		Release|x86 = Release|x86
	EndGlobalSection
	GlobalSection(ProjectConfigurationPlatforms) = postSolution
		{4DDC795B-2EA4-4123-B631-F0D8CAA99BA6}.Debug|Any CPU.ActiveCfg = Debug|Any CPU
		{4DDC795B-2EA4-4123-B631-F0D8CAA99BA6}.Debug|Any CPU.Build.0 = Debug|Any CPU
		{4DDC795B-2EA4-4123-B631-F0D8CAA99BA6}.Debug|x64.ActiveCfg = Debug|Any CPU
		{4DDC795B-2EA4-4123-B631-F0D8CAA99BA6}.Debug|x64.Build.0 = Debug|Any CPU
		{4DDC795B-2EA4-4123-B631-F0D8CAA99BA6}.Debug|x86.ActiveCfg = Debug|Any CPU
		{4DDC795B-2EA4-4123-B631-F0D8CAA99BA6}.Debug|x86.Build.0 = Debug|Any CPU
		{4DDC795B-2EA4-4123-B631-F0D8CAA99BA6}.Release|Any CPU.ActiveCfg = Release|Any CPU
		{4DDC795B-2EA4-4123-B631-F0D8CAA99BA6}.Release|Any CPU.Build.0 = Release|Any CPU
		{4DDC795B-2EA4-4123-B631-F0D8CAA99BA6}.Release|x64.ActiveCfg = Release|Any CPU
		{4DDC795B-2EA4-4123-B631-F0D8CAA99BA6}.Release|x64.Build.0 = Release|Any CPU
		{4DDC795B-2EA4-4123-B631-F0D8CAA99BA6}.Release|x86.ActiveCfg = Release|Any CPU
		{4DDC795B-2EA4-4123-B631-F0D8CAA99BA6}.Release|x86.Build.0 = Release|Any CPU
		{7BD95F13-FE66-43A0-A48A-8D5903E37F7D}.Debug|Any CPU.ActiveCfg = Debug|Any CPU
		{7BD95F13-FE66-43A0-A48A-8D5903E37F7D}.Debug|Any CPU.Build.0 = Debug|Any CPU
		{7BD95F13-FE66-43A0-A48A-8D5903E37F7D}.Debug|x64.ActiveCfg = Debug|Any CPU
		{7BD95F13-FE66-43A0-A48A-8D5903E37F7D}.Debug|x64.Build.0 = Debug|Any CPU
		{7BD95F13-FE66-43A0-A48A-8D5903E37F7D}.Debug|x86.ActiveCfg = Debug|Any CPU
		{7BD95F13-FE66-43A0-A48A-8D5903E37F7D}.Debug|x86.Build.0 = Debug|Any CPU
		{7BD95F13-FE66-43A0-A48A-8D5903E37F7D}.Release|Any CPU.ActiveCfg = Release|Any CPU
		{7BD95F13-FE66-43A0-A48A-8D5903E37F7D}.Release|Any CPU.Build.0 = Release|Any CPU
		{7BD95F13-FE66-43A0-A48A-8D5903E37F7D}.Release|x64.ActiveCfg = Release|Any CPU
		{7BD95F13-FE66-43A0-A48A-8D5903E37F7D}.Release|x64.Build.0 = Release|Any CPU
		{7BD95F13-FE66-43A0-A48A-8D5903E37F7D}.Release|x86.ActiveCfg = Release|Any CPU
		{7BD95F13-FE66-43A0-A48A-8D5903E37F7D}.Release|x86.Build.0 = Release|Any CPU
		{488873C6-4BFA-4D6E-9364-D672C15EA2D9}.Debug|Any CPU.ActiveCfg = Debug|Any CPU
		{488873C6-4BFA-4D6E-9364-D672C15EA2D9}.Debug|Any CPU.Build.0 = Debug|Any CPU
		{488873C6-4BFA-4D6E-9364-D672C15EA2D9}.Debug|x64.ActiveCfg = Debug|Any CPU
		{488873C6-4BFA-4D6E-9364-D672C15EA2D9}.Debug|x64.Build.0 = Debug|Any CPU
		{488873C6-4BFA-4D6E-9364-D672C15EA2D9}.Debug|x86.ActiveCfg = Debug|Any CPU
		{488873C6-4BFA-4D6E-9364-D672C15EA2D9}.Debug|x86.Build.0 = Debug|Any CPU
		{488873C6-4BFA-4D6E-9364-D672C15EA2D9}.Release|Any CPU.ActiveCfg = Release|Any CPU
		{488873C6-4BFA-4D6E-9364-D672C15EA2D9}.Release|Any CPU.Build.0 = Release|Any CPU
		{488873C6-4BFA-4D6E-9364-D672C15EA2D9}.Release|x64.ActiveCfg = Release|Any CPU
		{488873C6-4BFA-4D6E-9364-D672C15EA2D9}.Release|x64.Build.0 = Release|Any CPU
		{488873C6-4BFA-4D6E-9364-D672C15EA2D9}.Release|x86.ActiveCfg = Release|Any CPU
		{488873C6-4BFA-4D6E-9364-D672C15EA2D9}.Release|x86.Build.0 = Release|Any CPU
		{A93481EC-FDED-4740-902D-B5D911402CBA}.Debug|Any CPU.ActiveCfg = Debug|Any CPU
		{A93481EC-FDED-4740-902D-B5D911402CBA}.Debug|Any CPU.Build.0 = Debug|Any CPU
		{A93481EC-FDED-4740-902D-B5D911402CBA}.Debug|x64.ActiveCfg = Debug|Any CPU
		{A93481EC-FDED-4740-902D-B5D911402CBA}.Debug|x64.Build.0 = Debug|Any CPU
		{A93481EC-FDED-4740-902D-B5D911402CBA}.Debug|x86.ActiveCfg = Debug|Any CPU
		{A93481EC-FDED-4740-902D-B5D911402CBA}.Debug|x86.Build.0 = Debug|Any CPU
		{A93481EC-FDED-4740-902D-B5D911402CBA}.Release|Any CPU.ActiveCfg = Release|Any CPU
		{A93481EC-FDED-4740-902D-B5D911402CBA}.Release|Any CPU.Build.0 = Release|Any CPU
		{A93481EC-FDED-4740-902D-B5D911402CBA}.Release|x64.ActiveCfg = Release|Any CPU
		{A93481EC-FDED-4740-902D-B5D911402CBA}.Release|x64.Build.0 = Release|Any CPU
		{A93481EC-FDED-4740-902D-B5D911402CBA}.Release|x86.ActiveCfg = Release|Any CPU
		{A93481EC-FDED-4740-902D-B5D911402CBA}.Release|x86.Build.0 = Release|Any CPU
		{E481765C-9B3F-4F5E-B351-076415595A8B}.Debug|Any CPU.ActiveCfg = Debug|Any CPU
		{E481765C-9B3F-4F5E-B351-076415595A8B}.Debug|Any CPU.Build.0 = Debug|Any CPU
		{E481765C-9B3F-4F5E-B351-076415595A8B}.Debug|x64.ActiveCfg = Debug|Any CPU
		{E481765C-9B3F-4F5E-B351-076415595A8B}.Debug|x64.Build.0 = Debug|Any CPU
		{E481765C-9B3F-4F5E-B351-076415595A8B}.Debug|x86.ActiveCfg = Debug|Any CPU
		{E481765C-9B3F-4F5E-B351-076415595A8B}.Debug|x86.Build.0 = Debug|Any CPU
		{E481765C-9B3F-4F5E-B351-076415595A8B}.Release|Any CPU.ActiveCfg = Release|Any CPU
		{E481765C-9B3F-4F5E-B351-076415595A8B}.Release|Any CPU.Build.0 = Release|Any CPU
		{E481765C-9B3F-4F5E-B351-076415595A8B}.Release|x64.ActiveCfg = Release|Any CPU
		{E481765C-9B3F-4F5E-B351-076415595A8B}.Release|x64.Build.0 = Release|Any CPU
		{E481765C-9B3F-4F5E-B351-076415595A8B}.Release|x86.ActiveCfg = Release|Any CPU
		{E481765C-9B3F-4F5E-B351-076415595A8B}.Release|x86.Build.0 = Release|Any CPU
		{9A175F6D-120D-4AF2-B407-B1499B70BE9E}.Debug|Any CPU.ActiveCfg = Debug|Any CPU
		{9A175F6D-120D-4AF2-B407-B1499B70BE9E}.Debug|Any CPU.Build.0 = Debug|Any CPU
		{9A175F6D-120D-4AF2-B407-B1499B70BE9E}.Debug|x64.ActiveCfg = Debug|Any CPU
		{9A175F6D-120D-4AF2-B407-B1499B70BE9E}.Debug|x64.Build.0 = Debug|Any CPU
		{9A175F6D-120D-4AF2-B407-B1499B70BE9E}.Debug|x86.ActiveCfg = Debug|Any CPU
		{9A175F6D-120D-4AF2-B407-B1499B70BE9E}.Debug|x86.Build.0 = Debug|Any CPU
		{9A175F6D-120D-4AF2-B407-B1499B70BE9E}.Release|Any CPU.ActiveCfg = Release|Any CPU
		{9A175F6D-120D-4AF2-B407-B1499B70BE9E}.Release|Any CPU.Build.0 = Release|Any CPU
		{9A175F6D-120D-4AF2-B407-B1499B70BE9E}.Release|x64.ActiveCfg = Release|Any CPU
		{9A175F6D-120D-4AF2-B407-B1499B70BE9E}.Release|x64.Build.0 = Release|Any CPU
		{9A175F6D-120D-4AF2-B407-B1499B70BE9E}.Release|x86.ActiveCfg = Release|Any CPU
		{9A175F6D-120D-4AF2-B407-B1499B70BE9E}.Release|x86.Build.0 = Release|Any CPU
		{5C770F92-B6E7-4270-A041-A32F385DA6C4}.Debug|Any CPU.ActiveCfg = Debug|Any CPU
		{5C770F92-B6E7-4270-A041-A32F385DA6C4}.Debug|Any CPU.Build.0 = Debug|Any CPU
		{5C770F92-B6E7-4270-A041-A32F385DA6C4}.Debug|x64.ActiveCfg = Debug|Any CPU
		{5C770F92-B6E7-4270-A041-A32F385DA6C4}.Debug|x64.Build.0 = Debug|Any CPU
		{5C770F92-B6E7-4270-A041-A32F385DA6C4}.Debug|x86.ActiveCfg = Debug|Any CPU
		{5C770F92-B6E7-4270-A041-A32F385DA6C4}.Debug|x86.Build.0 = Debug|Any CPU
		{5C770F92-B6E7-4270-A041-A32F385DA6C4}.Release|Any CPU.ActiveCfg = Release|Any CPU
		{5C770F92-B6E7-4270-A041-A32F385DA6C4}.Release|Any CPU.Build.0 = Release|Any CPU
		{5C770F92-B6E7-4270-A041-A32F385DA6C4}.Release|x64.ActiveCfg = Release|Any CPU
		{5C770F92-B6E7-4270-A041-A32F385DA6C4}.Release|x64.Build.0 = Release|Any CPU
		{5C770F92-B6E7-4270-A041-A32F385DA6C4}.Release|x86.ActiveCfg = Release|Any CPU
		{5C770F92-B6E7-4270-A041-A32F385DA6C4}.Release|x86.Build.0 = Release|Any CPU
		{ED36763B-8971-4CC9-A4FE-16924F1961C0}.Debug|Any CPU.ActiveCfg = Debug|Any CPU
		{ED36763B-8971-4CC9-A4FE-16924F1961C0}.Debug|Any CPU.Build.0 = Debug|Any CPU
		{ED36763B-8971-4CC9-A4FE-16924F1961C0}.Debug|x64.ActiveCfg = Debug|Any CPU
		{ED36763B-8971-4CC9-A4FE-16924F1961C0}.Debug|x64.Build.0 = Debug|Any CPU
		{ED36763B-8971-4CC9-A4FE-16924F1961C0}.Debug|x86.ActiveCfg = Debug|Any CPU
		{ED36763B-8971-4CC9-A4FE-16924F1961C0}.Debug|x86.Build.0 = Debug|Any CPU
		{ED36763B-8971-4CC9-A4FE-16924F1961C0}.Release|Any CPU.ActiveCfg = Release|Any CPU
		{ED36763B-8971-4CC9-A4FE-16924F1961C0}.Release|Any CPU.Build.0 = Release|Any CPU
		{ED36763B-8971-4CC9-A4FE-16924F1961C0}.Release|x64.ActiveCfg = Release|Any CPU
		{ED36763B-8971-4CC9-A4FE-16924F1961C0}.Release|x64.Build.0 = Release|Any CPU
		{ED36763B-8971-4CC9-A4FE-16924F1961C0}.Release|x86.ActiveCfg = Release|Any CPU
		{ED36763B-8971-4CC9-A4FE-16924F1961C0}.Release|x86.Build.0 = Release|Any CPU
		{7C28228C-4B3D-4AAE-95E6-4669413BD06C}.Debug|Any CPU.ActiveCfg = Debug|Any CPU
		{7C28228C-4B3D-4AAE-95E6-4669413BD06C}.Debug|Any CPU.Build.0 = Debug|Any CPU
		{7C28228C-4B3D-4AAE-95E6-4669413BD06C}.Debug|x64.ActiveCfg = Debug|Any CPU
		{7C28228C-4B3D-4AAE-95E6-4669413BD06C}.Debug|x64.Build.0 = Debug|Any CPU
		{7C28228C-4B3D-4AAE-95E6-4669413BD06C}.Debug|x86.ActiveCfg = Debug|Any CPU
		{7C28228C-4B3D-4AAE-95E6-4669413BD06C}.Debug|x86.Build.0 = Debug|Any CPU
		{7C28228C-4B3D-4AAE-95E6-4669413BD06C}.Release|Any CPU.ActiveCfg = Release|Any CPU
		{7C28228C-4B3D-4AAE-95E6-4669413BD06C}.Release|Any CPU.Build.0 = Release|Any CPU
		{7C28228C-4B3D-4AAE-95E6-4669413BD06C}.Release|x64.ActiveCfg = Release|Any CPU
		{7C28228C-4B3D-4AAE-95E6-4669413BD06C}.Release|x64.Build.0 = Release|Any CPU
		{7C28228C-4B3D-4AAE-95E6-4669413BD06C}.Release|x86.ActiveCfg = Release|Any CPU
		{7C28228C-4B3D-4AAE-95E6-4669413BD06C}.Release|x86.Build.0 = Release|Any CPU
		{C22A3095-5EEF-4116-9130-E86125C8467B}.Debug|Any CPU.ActiveCfg = Debug|Any CPU
		{C22A3095-5EEF-4116-9130-E86125C8467B}.Debug|Any CPU.Build.0 = Debug|Any CPU
		{C22A3095-5EEF-4116-9130-E86125C8467B}.Debug|x64.ActiveCfg = Debug|Any CPU
		{C22A3095-5EEF-4116-9130-E86125C8467B}.Debug|x64.Build.0 = Debug|Any CPU
		{C22A3095-5EEF-4116-9130-E86125C8467B}.Debug|x86.ActiveCfg = Debug|Any CPU
		{C22A3095-5EEF-4116-9130-E86125C8467B}.Debug|x86.Build.0 = Debug|Any CPU
		{C22A3095-5EEF-4116-9130-E86125C8467B}.Release|Any CPU.ActiveCfg = Release|Any CPU
		{C22A3095-5EEF-4116-9130-E86125C8467B}.Release|Any CPU.Build.0 = Release|Any CPU
		{C22A3095-5EEF-4116-9130-E86125C8467B}.Release|x64.ActiveCfg = Release|Any CPU
		{C22A3095-5EEF-4116-9130-E86125C8467B}.Release|x64.Build.0 = Release|Any CPU
		{C22A3095-5EEF-4116-9130-E86125C8467B}.Release|x86.ActiveCfg = Release|Any CPU
		{C22A3095-5EEF-4116-9130-E86125C8467B}.Release|x86.Build.0 = Release|Any CPU
		{EAC9011A-353C-4B67-913F-14A295F09EA2}.Debug|Any CPU.ActiveCfg = Debug|Any CPU
		{EAC9011A-353C-4B67-913F-14A295F09EA2}.Debug|Any CPU.Build.0 = Debug|Any CPU
		{EAC9011A-353C-4B67-913F-14A295F09EA2}.Debug|x64.ActiveCfg = Debug|Any CPU
		{EAC9011A-353C-4B67-913F-14A295F09EA2}.Debug|x64.Build.0 = Debug|Any CPU
		{EAC9011A-353C-4B67-913F-14A295F09EA2}.Debug|x86.ActiveCfg = Debug|Any CPU
		{EAC9011A-353C-4B67-913F-14A295F09EA2}.Debug|x86.Build.0 = Debug|Any CPU
		{EAC9011A-353C-4B67-913F-14A295F09EA2}.Release|Any CPU.ActiveCfg = Release|Any CPU
		{EAC9011A-353C-4B67-913F-14A295F09EA2}.Release|Any CPU.Build.0 = Release|Any CPU
		{EAC9011A-353C-4B67-913F-14A295F09EA2}.Release|x64.ActiveCfg = Release|Any CPU
		{EAC9011A-353C-4B67-913F-14A295F09EA2}.Release|x64.Build.0 = Release|Any CPU
		{EAC9011A-353C-4B67-913F-14A295F09EA2}.Release|x86.ActiveCfg = Release|Any CPU
		{EAC9011A-353C-4B67-913F-14A295F09EA2}.Release|x86.Build.0 = Release|Any CPU
		{CC673F15-2AAE-4E70-BFCF-05ECA804268E}.Debug|Any CPU.ActiveCfg = Debug|Any CPU
		{CC673F15-2AAE-4E70-BFCF-05ECA804268E}.Debug|Any CPU.Build.0 = Debug|Any CPU
		{CC673F15-2AAE-4E70-BFCF-05ECA804268E}.Debug|x64.ActiveCfg = Debug|Any CPU
		{CC673F15-2AAE-4E70-BFCF-05ECA804268E}.Debug|x64.Build.0 = Debug|Any CPU
		{CC673F15-2AAE-4E70-BFCF-05ECA804268E}.Debug|x86.ActiveCfg = Debug|Any CPU
		{CC673F15-2AAE-4E70-BFCF-05ECA804268E}.Debug|x86.Build.0 = Debug|Any CPU
		{CC673F15-2AAE-4E70-BFCF-05ECA804268E}.Release|Any CPU.ActiveCfg = Release|Any CPU
		{CC673F15-2AAE-4E70-BFCF-05ECA804268E}.Release|Any CPU.Build.0 = Release|Any CPU
		{CC673F15-2AAE-4E70-BFCF-05ECA804268E}.Release|x64.ActiveCfg = Release|Any CPU
		{CC673F15-2AAE-4E70-BFCF-05ECA804268E}.Release|x64.Build.0 = Release|Any CPU
		{CC673F15-2AAE-4E70-BFCF-05ECA804268E}.Release|x86.ActiveCfg = Release|Any CPU
		{CC673F15-2AAE-4E70-BFCF-05ECA804268E}.Release|x86.Build.0 = Release|Any CPU
		{575D24C1-27DC-4122-AE8F-7A8DD21BAE7E}.Debug|Any CPU.ActiveCfg = Debug|Any CPU
		{575D24C1-27DC-4122-AE8F-7A8DD21BAE7E}.Debug|Any CPU.Build.0 = Debug|Any CPU
		{575D24C1-27DC-4122-AE8F-7A8DD21BAE7E}.Debug|x64.ActiveCfg = Debug|Any CPU
		{575D24C1-27DC-4122-AE8F-7A8DD21BAE7E}.Debug|x64.Build.0 = Debug|Any CPU
		{575D24C1-27DC-4122-AE8F-7A8DD21BAE7E}.Debug|x86.ActiveCfg = Debug|Any CPU
		{575D24C1-27DC-4122-AE8F-7A8DD21BAE7E}.Debug|x86.Build.0 = Debug|Any CPU
		{575D24C1-27DC-4122-AE8F-7A8DD21BAE7E}.Release|Any CPU.ActiveCfg = Release|Any CPU
		{575D24C1-27DC-4122-AE8F-7A8DD21BAE7E}.Release|Any CPU.Build.0 = Release|Any CPU
		{575D24C1-27DC-4122-AE8F-7A8DD21BAE7E}.Release|x64.ActiveCfg = Release|Any CPU
		{575D24C1-27DC-4122-AE8F-7A8DD21BAE7E}.Release|x64.Build.0 = Release|Any CPU
		{575D24C1-27DC-4122-AE8F-7A8DD21BAE7E}.Release|x86.ActiveCfg = Release|Any CPU
		{575D24C1-27DC-4122-AE8F-7A8DD21BAE7E}.Release|x86.Build.0 = Release|Any CPU
	EndGlobalSection
	GlobalSection(SolutionProperties) = preSolution
		HideSolutionNode = FALSE
	EndGlobalSection
	GlobalSection(NestedProjects) = preSolution
		{4DDC795B-2EA4-4123-B631-F0D8CAA99BA6} = {FE220876-2B87-4095-8BD2-039049503C72}
		{7BD95F13-FE66-43A0-A48A-8D5903E37F7D} = {FE220876-2B87-4095-8BD2-039049503C72}
		{488873C6-4BFA-4D6E-9364-D672C15EA2D9} = {924749FC-98D5-40A6-8F4B-BA9BFDEDDEC3}
		{A93481EC-FDED-4740-902D-B5D911402CBA} = {FC9DDF76-8DAC-4498-8926-8883F984709C}
		{E481765C-9B3F-4F5E-B351-076415595A8B} = {3582F79E-2187-4CCD-836D-48EE30BC64A8}
		{9A175F6D-120D-4AF2-B407-B1499B70BE9E} = {86CA6782-DAF7-4130-9B10-02DE0680DF78}
		{5C770F92-B6E7-4270-A041-A32F385DA6C4} = {924749FC-98D5-40A6-8F4B-BA9BFDEDDEC3}
		{924749FC-98D5-40A6-8F4B-BA9BFDEDDEC3} = {3582F79E-2187-4CCD-836D-48EE30BC64A8}
		{86CA6782-DAF7-4130-9B10-02DE0680DF78} = {3582F79E-2187-4CCD-836D-48EE30BC64A8}
		{ED36763B-8971-4CC9-A4FE-16924F1961C0} = {924749FC-98D5-40A6-8F4B-BA9BFDEDDEC3}
		{7C28228C-4B3D-4AAE-95E6-4669413BD06C} = {924749FC-98D5-40A6-8F4B-BA9BFDEDDEC3}
		{C22A3095-5EEF-4116-9130-E86125C8467B} = {924749FC-98D5-40A6-8F4B-BA9BFDEDDEC3}
		{EAC9011A-353C-4B67-913F-14A295F09EA2} = {C67CC25F-72E9-492D-9E1E-C73DB2C5A5F3}
		{CC673F15-2AAE-4E70-BFCF-05ECA804268E} = {86CA6782-DAF7-4130-9B10-02DE0680DF78}
		{575D24C1-27DC-4122-AE8F-7A8DD21BAE7E} = {924749FC-98D5-40A6-8F4B-BA9BFDEDDEC3}
	EndGlobalSection
EndGlobal
